cd tests && go test -run TestRunExistingResourcesExample -count=1 -v -timeout 600m
=== RUN   TestRunExistingResourcesExample
=== PAUSE TestRunExistingResourcesExample
=== CONT  TestRunExistingResourcesExample
TestRunExistingResourcesExample 2025-04-28T14:16:44+05:30 pr_test.go:147: Tempdir:  /var/folders/7h/xm7wtf_j44j8zpcwyyz23kbc0000gn/T/ex-wxd-prqs47-osjspa4214528482/terraform-ibm-watsonx-data
TestRunExistingResourcesExample 2025-04-28T14:16:44+05:30 retry.go:91: terraform [workspace list]
TestRunExistingResourcesExample 2025-04-28T14:16:44+05:30 logger.go:67: Running command terraform with args [workspace list]
TestRunExistingResourcesExample 2025-04-28T14:16:44+05:30 logger.go:67: * default
TestRunExistingResourcesExample 2025-04-28T14:16:44+05:30 logger.go:67: 
TestRunExistingResourcesExample 2025-04-28T14:16:44+05:30 retry.go:91: terraform [workspace new ex-wxd-prqs47]
TestRunExistingResourcesExample 2025-04-28T14:16:44+05:30 logger.go:67: Running command terraform with args [workspace new ex-wxd-prqs47]
TestRunExistingResourcesExample 2025-04-28T14:16:44+05:30 logger.go:67: [0m[32m[1mCreated and switched to workspace "ex-wxd-prqs47"![0m[32m
TestRunExistingResourcesExample 2025-04-28T14:16:44+05:30 logger.go:67: 
TestRunExistingResourcesExample 2025-04-28T14:16:44+05:30 logger.go:67: You're now on a new, empty workspace. Workspaces isolate their state,
TestRunExistingResourcesExample 2025-04-28T14:16:44+05:30 logger.go:67: so if you run "terraform plan" Terraform will not see any existing state
TestRunExistingResourcesExample 2025-04-28T14:16:44+05:30 logger.go:67: for this configuration.[0m
TestRunExistingResourcesExample 2025-04-28T14:16:44+05:30 retry.go:91: terraform [workspace show]
TestRunExistingResourcesExample 2025-04-28T14:16:44+05:30 logger.go:67: Running command terraform with args [workspace show]
TestRunExistingResourcesExample 2025-04-28T14:16:44+05:30 logger.go:67: ex-wxd-prqs47
TestRunExistingResourcesExample 2025-04-28T14:16:44+05:30 retry.go:91: terraform [init -upgrade=true]
TestRunExistingResourcesExample 2025-04-28T14:16:44+05:30 logger.go:67: Running command terraform with args [init -upgrade=true]
TestRunExistingResourcesExample 2025-04-28T14:16:44+05:30 logger.go:67: [0m[1mInitializing the backend...[0m
TestRunExistingResourcesExample 2025-04-28T14:16:44+05:30 logger.go:67: [0m[1mUpgrading modules...[0m
TestRunExistingResourcesExample 2025-04-28T14:16:44+05:30 logger.go:67: Downloading registry.terraform.io/terraform-ibm-modules/resource-group/ibm 1.2.0 for resource_group...
TestRunExistingResourcesExample 2025-04-28T14:16:49+05:30 logger.go:67: - resource_group in .terraform/modules/resource_group
TestRunExistingResourcesExample 2025-04-28T14:16:49+05:30 logger.go:67: - watsonx_data in ../..
TestRunExistingResourcesExample 2025-04-28T14:16:49+05:30 logger.go:67: Downloading registry.terraform.io/terraform-ibm-modules/common-utilities/ibm 1.1.0 for watsonx_data.crn_parser...
TestRunExistingResourcesExample 2025-04-28T14:16:51+05:30 logger.go:67: - watsonx_data.crn_parser in .terraform/modules/watsonx_data.crn_parser/modules/crn-parser
TestRunExistingResourcesExample 2025-04-28T14:16:51+05:30 logger.go:67: Downloading registry.terraform.io/terraform-ibm-modules/common-utilities/ibm 1.1.0 for watsonx_data.kms_key_crn_parser...
TestRunExistingResourcesExample 2025-04-28T14:16:51+05:30 logger.go:67: - watsonx_data.kms_key_crn_parser in .terraform/modules/watsonx_data.kms_key_crn_parser/modules/crn-parser
TestRunExistingResourcesExample 2025-04-28T14:16:51+05:30 logger.go:67: [0m[1mInitializing provider plugins...[0m
TestRunExistingResourcesExample 2025-04-28T14:16:51+05:30 logger.go:67: - Finding hashicorp/time versions matching ">= 0.12.1"...
TestRunExistingResourcesExample 2025-04-28T14:16:52+05:30 logger.go:67: - Finding ibm-cloud/ibm versions matching ">= 1.49.0, >= 1.70.1, < 2.0.0"...
TestRunExistingResourcesExample 2025-04-28T14:16:52+05:30 logger.go:67: - Installing hashicorp/time v0.13.0...
TestRunExistingResourcesExample 2025-04-28T14:16:53+05:30 logger.go:67: - Installed hashicorp/time v0.13.0 (signed by HashiCorp)
TestRunExistingResourcesExample 2025-04-28T14:16:57+05:30 logger.go:67: - Installing ibm-cloud/ibm v1.77.1...
TestRunExistingResourcesExample 2025-04-28T14:17:05+05:30 logger.go:67: - Installed ibm-cloud/ibm v1.77.1 (self-signed, key ID [0m[1mAAD3B791C49CC253[0m[0m)
TestRunExistingResourcesExample 2025-04-28T14:17:05+05:30 logger.go:67: Partner and community providers are signed by their developers.
TestRunExistingResourcesExample 2025-04-28T14:17:05+05:30 logger.go:67: If you'd like to know more about provider signing, you can read about it here:
TestRunExistingResourcesExample 2025-04-28T14:17:05+05:30 logger.go:67: https://www.terraform.io/docs/cli/plugins/signing.html
TestRunExistingResourcesExample 2025-04-28T14:17:05+05:30 logger.go:67: Terraform has created a lock file [1m.terraform.lock.hcl[0m to record the provider
TestRunExistingResourcesExample 2025-04-28T14:17:05+05:30 logger.go:67: selections it made above. Include this file in your version control repository
TestRunExistingResourcesExample 2025-04-28T14:17:05+05:30 logger.go:67: so that Terraform can guarantee to make the same selections by default when
TestRunExistingResourcesExample 2025-04-28T14:17:05+05:30 logger.go:67: you run "terraform init" in the future.[0m
TestRunExistingResourcesExample 2025-04-28T14:17:05+05:30 logger.go:67: 
TestRunExistingResourcesExample 2025-04-28T14:17:05+05:30 logger.go:67: [0m[1m[32mTerraform has been successfully initialized![0m[32m[0m
TestRunExistingResourcesExample 2025-04-28T14:17:05+05:30 logger.go:67: [0m[32m
TestRunExistingResourcesExample 2025-04-28T14:17:05+05:30 logger.go:67: You may now begin working with Terraform. Try running "terraform plan" to see
TestRunExistingResourcesExample 2025-04-28T14:17:05+05:30 logger.go:67: any changes that are required for your infrastructure. All Terraform commands
TestRunExistingResourcesExample 2025-04-28T14:17:05+05:30 logger.go:67: should now work.
TestRunExistingResourcesExample 2025-04-28T14:17:05+05:30 logger.go:67: 
TestRunExistingResourcesExample 2025-04-28T14:17:05+05:30 logger.go:67: If you ever set or change modules or backend configuration for Terraform,
TestRunExistingResourcesExample 2025-04-28T14:17:05+05:30 logger.go:67: rerun this command to reinitialize your working directory. If you forget, other
TestRunExistingResourcesExample 2025-04-28T14:17:05+05:30 logger.go:67: commands will detect it and remind you to do so if necessary.[0m
TestRunExistingResourcesExample 2025-04-28T14:17:05+05:30 retry.go:91: terraform [apply -input=false -auto-approve -var prefix=ex-wxd-prqs47 -var region=us-south -var resource_tags=[] -var access_tags=["geretain-dev:permanent-test-tag-1", "geretain-dev-1:permanent-test-tag-4"] -lock=false]
TestRunExistingResourcesExample 2025-04-28T14:17:05+05:30 logger.go:67: Running command terraform with args [apply -input=false -auto-approve -var prefix=ex-wxd-prqs47 -var region=us-south -var resource_tags=[] -var access_tags=["geretain-dev:permanent-test-tag-1", "geretain-dev-1:permanent-test-tag-4"] -lock=false]
TestRunExistingResourcesExample 2025-04-28T14:17:09+05:30 logger.go:67: 
TestRunExistingResourcesExample 2025-04-28T14:17:09+05:30 logger.go:67: Terraform used the selected providers to generate the following execution
TestRunExistingResourcesExample 2025-04-28T14:17:09+05:30 logger.go:67: plan. Resource actions are indicated with the following symbols:
TestRunExistingResourcesExample 2025-04-28T14:17:09+05:30 logger.go:67:   [32m+[0m create[0m
TestRunExistingResourcesExample 2025-04-28T14:17:09+05:30 logger.go:67: 
TestRunExistingResourcesExample 2025-04-28T14:17:09+05:30 logger.go:67: Terraform will perform the following actions:
TestRunExistingResourcesExample 2025-04-28T14:17:09+05:30 logger.go:67: 
TestRunExistingResourcesExample 2025-04-28T14:17:09+05:30 logger.go:67: [1m  # module.resource_group.ibm_resource_group.resource_group[0][0m will be created
TestRunExistingResourcesExample 2025-04-28T14:17:09+05:30 logger.go:67: [0m  [32m+[0m[0m resource "ibm_resource_group" "resource_group" {
TestRunExistingResourcesExample 2025-04-28T14:17:09+05:30 logger.go:67:       [32m+[0m[0m created_at          = (known after apply)
TestRunExistingResourcesExample 2025-04-28T14:17:09+05:30 logger.go:67:       [32m+[0m[0m crn                 = (known after apply)
TestRunExistingResourcesExample 2025-04-28T14:17:09+05:30 logger.go:67:       [32m+[0m[0m default             = (known after apply)
TestRunExistingResourcesExample 2025-04-28T14:17:09+05:30 logger.go:67:       [32m+[0m[0m id                  = (known after apply)
TestRunExistingResourcesExample 2025-04-28T14:17:09+05:30 logger.go:67:       [32m+[0m[0m name                = "ex-wxd-prqs47-resource-group"
TestRunExistingResourcesExample 2025-04-28T14:17:09+05:30 logger.go:67:       [32m+[0m[0m payment_methods_url = (known after apply)
TestRunExistingResourcesExample 2025-04-28T14:17:09+05:30 logger.go:67:       [32m+[0m[0m quota_id            = (known after apply)
TestRunExistingResourcesExample 2025-04-28T14:17:09+05:30 logger.go:67:       [32m+[0m[0m quota_url           = (known after apply)
TestRunExistingResourcesExample 2025-04-28T14:17:09+05:30 logger.go:67:       [32m+[0m[0m resource_linkages   = (known after apply)
TestRunExistingResourcesExample 2025-04-28T14:17:09+05:30 logger.go:67:       [32m+[0m[0m state               = (known after apply)
TestRunExistingResourcesExample 2025-04-28T14:17:09+05:30 logger.go:67:       [32m+[0m[0m teams_url           = (known after apply)
TestRunExistingResourcesExample 2025-04-28T14:17:09+05:30 logger.go:67:       [32m+[0m[0m updated_at          = (known after apply)
TestRunExistingResourcesExample 2025-04-28T14:17:09+05:30 logger.go:67:     }
TestRunExistingResourcesExample 2025-04-28T14:17:09+05:30 logger.go:67: 
TestRunExistingResourcesExample 2025-04-28T14:17:09+05:30 logger.go:67: [1m  # module.watsonx_data.ibm_resource_instance.data_instance[0][0m will be created
TestRunExistingResourcesExample 2025-04-28T14:17:09+05:30 logger.go:67: [0m  [32m+[0m[0m resource "ibm_resource_instance" "data_instance" {
TestRunExistingResourcesExample 2025-04-28T14:17:09+05:30 logger.go:67:       [32m+[0m[0m account_id              = (known after apply)
TestRunExistingResourcesExample 2025-04-28T14:17:09+05:30 logger.go:67:       [32m+[0m[0m allow_cleanup           = (known after apply)
TestRunExistingResourcesExample 2025-04-28T14:17:09+05:30 logger.go:67:       [32m+[0m[0m created_at              = (known after apply)
TestRunExistingResourcesExample 2025-04-28T14:17:09+05:30 logger.go:67:       [32m+[0m[0m created_by              = (known after apply)
TestRunExistingResourcesExample 2025-04-28T14:17:09+05:30 logger.go:67:       [32m+[0m[0m crn                     = (known after apply)
TestRunExistingResourcesExample 2025-04-28T14:17:09+05:30 logger.go:67:       [32m+[0m[0m dashboard_url           = (known after apply)
TestRunExistingResourcesExample 2025-04-28T14:17:09+05:30 logger.go:67:       [32m+[0m[0m deleted_at              = (known after apply)
TestRunExistingResourcesExample 2025-04-28T14:17:09+05:30 logger.go:67:       [32m+[0m[0m deleted_by              = (known after apply)
TestRunExistingResourcesExample 2025-04-28T14:17:09+05:30 logger.go:67:       [32m+[0m[0m extensions              = (known after apply)
TestRunExistingResourcesExample 2025-04-28T14:17:09+05:30 logger.go:67:       [32m+[0m[0m guid                    = (known after apply)
TestRunExistingResourcesExample 2025-04-28T14:17:09+05:30 logger.go:67:       [32m+[0m[0m id                      = (known after apply)
TestRunExistingResourcesExample 2025-04-28T14:17:09+05:30 logger.go:67:       [32m+[0m[0m last_operation          = (known after apply)
TestRunExistingResourcesExample 2025-04-28T14:17:09+05:30 logger.go:67:       [32m+[0m[0m location                = "us-south"
TestRunExistingResourcesExample 2025-04-28T14:17:09+05:30 logger.go:67:       [32m+[0m[0m locked                  = (known after apply)
TestRunExistingResourcesExample 2025-04-28T14:17:09+05:30 logger.go:67:       [32m+[0m[0m name                    = "ex-wxd-prqs47-data-instance"
TestRunExistingResourcesExample 2025-04-28T14:17:09+05:30 logger.go:67:       [32m+[0m[0m onetime_credentials     = (known after apply)
TestRunExistingResourcesExample 2025-04-28T14:17:09+05:30 logger.go:67:       [32m+[0m[0m parameters              = {
TestRunExistingResourcesExample 2025-04-28T14:17:09+05:30 logger.go:67:           [32m+[0m[0m "cloud_type" = "ibm"
TestRunExistingResourcesExample 2025-04-28T14:17:09+05:30 logger.go:67:           [32m+[0m[0m "datacenter" = "ibm:us-south:dal"
TestRunExistingResourcesExample 2025-04-28T14:17:09+05:30 logger.go:67:           [32m+[0m[0m "region"     = "us-south"
TestRunExistingResourcesExample 2025-04-28T14:17:09+05:30 logger.go:67:           [32m+[0m[0m "use_case"   = "workloads"
TestRunExistingResourcesExample 2025-04-28T14:17:09+05:30 logger.go:67:         }
TestRunExistingResourcesExample 2025-04-28T14:17:09+05:30 logger.go:67:       [32m+[0m[0m plan                    = "lakehouse-enterprise"
TestRunExistingResourcesExample 2025-04-28T14:17:09+05:30 logger.go:67:       [32m+[0m[0m plan_history            = (known after apply)
TestRunExistingResourcesExample 2025-04-28T14:17:09+05:30 logger.go:67:       [32m+[0m[0m resource_aliases_url    = (known after apply)
TestRunExistingResourcesExample 2025-04-28T14:17:09+05:30 logger.go:67:       [32m+[0m[0m resource_bindings_url   = (known after apply)
TestRunExistingResourcesExample 2025-04-28T14:17:09+05:30 logger.go:67:       [32m+[0m[0m resource_controller_url = (known after apply)
TestRunExistingResourcesExample 2025-04-28T14:17:09+05:30 logger.go:67:       [32m+[0m[0m resource_crn            = (known after apply)
TestRunExistingResourcesExample 2025-04-28T14:17:09+05:30 logger.go:67:       [32m+[0m[0m resource_group_crn      = (known after apply)
TestRunExistingResourcesExample 2025-04-28T14:17:09+05:30 logger.go:67:       [32m+[0m[0m resource_group_id       = (known after apply)
TestRunExistingResourcesExample 2025-04-28T14:17:09+05:30 logger.go:67:       [32m+[0m[0m resource_group_name     = (known after apply)
TestRunExistingResourcesExample 2025-04-28T14:17:09+05:30 logger.go:67:       [32m+[0m[0m resource_id             = (known after apply)
TestRunExistingResourcesExample 2025-04-28T14:17:09+05:30 logger.go:67:       [32m+[0m[0m resource_keys_url       = (known after apply)
TestRunExistingResourcesExample 2025-04-28T14:17:09+05:30 logger.go:67:       [32m+[0m[0m resource_name           = (known after apply)
TestRunExistingResourcesExample 2025-04-28T14:17:09+05:30 logger.go:67:       [32m+[0m[0m resource_plan_id        = (known after apply)
TestRunExistingResourcesExample 2025-04-28T14:17:09+05:30 logger.go:67:       [32m+[0m[0m resource_status         = (known after apply)
TestRunExistingResourcesExample 2025-04-28T14:17:09+05:30 logger.go:67:       [32m+[0m[0m restored_at             = (known after apply)
TestRunExistingResourcesExample 2025-04-28T14:17:09+05:30 logger.go:67:       [32m+[0m[0m restored_by             = (known after apply)
TestRunExistingResourcesExample 2025-04-28T14:17:09+05:30 logger.go:67:       [32m+[0m[0m scheduled_reclaim_at    = (known after apply)
TestRunExistingResourcesExample 2025-04-28T14:17:09+05:30 logger.go:67:       [32m+[0m[0m scheduled_reclaim_by    = (known after apply)
TestRunExistingResourcesExample 2025-04-28T14:17:09+05:30 logger.go:67:       [32m+[0m[0m service                 = "lakehouse"
TestRunExistingResourcesExample 2025-04-28T14:17:09+05:30 logger.go:67:       [32m+[0m[0m service_endpoints       = (known after apply)
TestRunExistingResourcesExample 2025-04-28T14:17:09+05:30 logger.go:67:       [32m+[0m[0m state                   = (known after apply)
TestRunExistingResourcesExample 2025-04-28T14:17:09+05:30 logger.go:67:       [32m+[0m[0m status                  = (known after apply)
TestRunExistingResourcesExample 2025-04-28T14:17:09+05:30 logger.go:67:       [32m+[0m[0m sub_type                = (known after apply)
TestRunExistingResourcesExample 2025-04-28T14:17:09+05:30 logger.go:67:       [32m+[0m[0m tags                    = (known after apply)
TestRunExistingResourcesExample 2025-04-28T14:17:09+05:30 logger.go:67:       [32m+[0m[0m target_crn              = (known after apply)
TestRunExistingResourcesExample 2025-04-28T14:17:09+05:30 logger.go:67:       [32m+[0m[0m type                    = (known after apply)
TestRunExistingResourcesExample 2025-04-28T14:17:09+05:30 logger.go:67:       [32m+[0m[0m update_at               = (known after apply)
TestRunExistingResourcesExample 2025-04-28T14:17:09+05:30 logger.go:67:       [32m+[0m[0m update_by               = (known after apply)
TestRunExistingResourcesExample 2025-04-28T14:17:09+05:30 logger.go:67: 
TestRunExistingResourcesExample 2025-04-28T14:17:09+05:30 logger.go:67:       [32m+[0m[0m timeouts {
TestRunExistingResourcesExample 2025-04-28T14:17:09+05:30 logger.go:67:           [32m+[0m[0m create = "15m"
TestRunExistingResourcesExample 2025-04-28T14:17:09+05:30 logger.go:67:           [32m+[0m[0m delete = "15m"
TestRunExistingResourcesExample 2025-04-28T14:17:09+05:30 logger.go:67:           [32m+[0m[0m update = "15m"
TestRunExistingResourcesExample 2025-04-28T14:17:09+05:30 logger.go:67:         }
TestRunExistingResourcesExample 2025-04-28T14:17:09+05:30 logger.go:67:     }
TestRunExistingResourcesExample 2025-04-28T14:17:09+05:30 logger.go:67: 
TestRunExistingResourcesExample 2025-04-28T14:17:09+05:30 logger.go:67: [1m  # module.watsonx_data.ibm_resource_tag.watsonx_data_tag[0][0m will be created
TestRunExistingResourcesExample 2025-04-28T14:17:09+05:30 logger.go:67: [0m  [32m+[0m[0m resource "ibm_resource_tag" "watsonx_data_tag" {
TestRunExistingResourcesExample 2025-04-28T14:17:09+05:30 logger.go:67:       [32m+[0m[0m account_id  = (known after apply)
TestRunExistingResourcesExample 2025-04-28T14:17:09+05:30 logger.go:67:       [32m+[0m[0m id          = (known after apply)
TestRunExistingResourcesExample 2025-04-28T14:17:09+05:30 logger.go:67:       [32m+[0m[0m replace     = false
TestRunExistingResourcesExample 2025-04-28T14:17:09+05:30 logger.go:67:       [32m+[0m[0m resource_id = (known after apply)
TestRunExistingResourcesExample 2025-04-28T14:17:09+05:30 logger.go:67:       [32m+[0m[0m tag_type    = "access"
TestRunExistingResourcesExample 2025-04-28T14:17:09+05:30 logger.go:67:       [32m+[0m[0m tags        = [
TestRunExistingResourcesExample 2025-04-28T14:17:09+05:30 logger.go:67:           [32m+[0m[0m "geretain-dev-1:permanent-test-tag-4",
TestRunExistingResourcesExample 2025-04-28T14:17:09+05:30 logger.go:67:           [32m+[0m[0m "geretain-dev:permanent-test-tag-1",
TestRunExistingResourcesExample 2025-04-28T14:17:09+05:30 logger.go:67:         ]
TestRunExistingResourcesExample 2025-04-28T14:17:09+05:30 logger.go:67:     }
TestRunExistingResourcesExample 2025-04-28T14:17:09+05:30 logger.go:67: 
TestRunExistingResourcesExample 2025-04-28T14:17:09+05:30 logger.go:67: [1mPlan:[0m 3 to add, 0 to change, 0 to destroy.
TestRunExistingResourcesExample 2025-04-28T14:17:09+05:30 logger.go:67: [0m
TestRunExistingResourcesExample 2025-04-28T14:17:09+05:30 logger.go:67: Changes to Outputs:
TestRunExistingResourcesExample 2025-04-28T14:17:09+05:30 logger.go:67:   [32m+[0m[0m account_id    = (known after apply)
TestRunExistingResourcesExample 2025-04-28T14:17:09+05:30 logger.go:67:   [32m+[0m[0m crn           = (known after apply)
TestRunExistingResourcesExample 2025-04-28T14:17:09+05:30 logger.go:67:   [32m+[0m[0m dashboard_url = (known after apply)
TestRunExistingResourcesExample 2025-04-28T14:17:09+05:30 logger.go:67:   [32m+[0m[0m guid          = (known after apply)
TestRunExistingResourcesExample 2025-04-28T14:17:09+05:30 logger.go:67:   [32m+[0m[0m id            = (known after apply)
TestRunExistingResourcesExample 2025-04-28T14:17:09+05:30 logger.go:67:   [32m+[0m[0m name          = (known after apply)
TestRunExistingResourcesExample 2025-04-28T14:17:09+05:30 logger.go:67:   [32m+[0m[0m plan_id       = (known after apply)
TestRunExistingResourcesExample 2025-04-28T14:17:10+05:30 logger.go:67: [0m[1mmodule.resource_group.ibm_resource_group.resource_group[0]: Creating...[0m[0m
TestRunExistingResourcesExample 2025-04-28T14:17:13+05:30 logger.go:67: [0m[1mmodule.resource_group.ibm_resource_group.resource_group[0]: Creation complete after 2s [id=c69ac91f86a6402b8e18fdf90d64c08a][0m
TestRunExistingResourcesExample 2025-04-28T14:17:13+05:30 logger.go:67: [0m[1mmodule.watsonx_data.ibm_resource_instance.data_instance[0]: Creating...[0m[0m
TestRunExistingResourcesExample 2025-04-28T14:17:23+05:30 logger.go:67: [0m[1mmodule.watsonx_data.ibm_resource_instance.data_instance[0]: Still creating... [10s elapsed][0m[0m
TestRunExistingResourcesExample 2025-04-28T14:17:33+05:30 logger.go:67: [0m[1mmodule.watsonx_data.ibm_resource_instance.data_instance[0]: Still creating... [20s elapsed][0m[0m
TestRunExistingResourcesExample 2025-04-28T14:17:43+05:30 logger.go:67: [0m[1mmodule.watsonx_data.ibm_resource_instance.data_instance[0]: Still creating... [30s elapsed][0m[0m
TestRunExistingResourcesExample 2025-04-28T14:17:53+05:30 logger.go:67: [0m[1mmodule.watsonx_data.ibm_resource_instance.data_instance[0]: Still creating... [40s elapsed][0m[0m
TestRunExistingResourcesExample 2025-04-28T14:18:03+05:30 logger.go:67: [0m[1mmodule.watsonx_data.ibm_resource_instance.data_instance[0]: Still creating... [50s elapsed][0m[0m
TestRunExistingResourcesExample 2025-04-28T14:18:13+05:30 logger.go:67: [0m[1mmodule.watsonx_data.ibm_resource_instance.data_instance[0]: Still creating... [1m0s elapsed][0m[0m
TestRunExistingResourcesExample 2025-04-28T14:18:23+05:30 logger.go:67: [0m[1mmodule.watsonx_data.ibm_resource_instance.data_instance[0]: Still creating... [1m10s elapsed][0m[0m
TestRunExistingResourcesExample 2025-04-28T14:18:33+05:30 logger.go:67: [0m[1mmodule.watsonx_data.ibm_resource_instance.data_instance[0]: Still creating... [1m20s elapsed][0m[0m
TestRunExistingResourcesExample 2025-04-28T14:18:43+05:30 logger.go:67: [0m[1mmodule.watsonx_data.ibm_resource_instance.data_instance[0]: Still creating... [1m30s elapsed][0m[0m
TestRunExistingResourcesExample 2025-04-28T14:18:53+05:30 logger.go:67: [0m[1mmodule.watsonx_data.ibm_resource_instance.data_instance[0]: Still creating... [1m40s elapsed][0m[0m
TestRunExistingResourcesExample 2025-04-28T14:18:57+05:30 logger.go:67: [0m[1mmodule.watsonx_data.ibm_resource_instance.data_instance[0]: Creation complete after 1m44s [id=crn:v1:bluemix:public:lakehouse:us-south:a/abac0df06b644a9cabc6e44f55b3880e:3983a152-e139-420d-9bce-3f6eb15a889c::][0m
TestRunExistingResourcesExample 2025-04-28T14:18:57+05:30 logger.go:67: [0m[1mmodule.watsonx_data.ibm_resource_tag.watsonx_data_tag[0]: Creating...[0m[0m
TestRunExistingResourcesExample 2025-04-28T14:19:07+05:30 logger.go:67: [0m[1mmodule.watsonx_data.ibm_resource_tag.watsonx_data_tag[0]: Still creating... [10s elapsed][0m[0m
TestRunExistingResourcesExample 2025-04-28T14:19:17+05:30 logger.go:67: [0m[1mmodule.watsonx_data.ibm_resource_tag.watsonx_data_tag[0]: Still creating... [20s elapsed][0m[0m
TestRunExistingResourcesExample 2025-04-28T14:19:27+05:30 logger.go:67: [0m[1mmodule.watsonx_data.ibm_resource_tag.watsonx_data_tag[0]: Still creating... [30s elapsed][0m[0m
TestRunExistingResourcesExample 2025-04-28T14:19:29+05:30 logger.go:67: [0m[1mmodule.watsonx_data.ibm_resource_tag.watsonx_data_tag[0]: Creation complete after 32s [id=crn:v1:bluemix:public:lakehouse:us-south:a/abac0df06b644a9cabc6e44f55b3880e:3983a152-e139-420d-9bce-3f6eb15a889c::][0m
TestRunExistingResourcesExample 2025-04-28T14:19:29+05:30 logger.go:67: [0m[1m[32m
TestRunExistingResourcesExample 2025-04-28T14:19:29+05:30 logger.go:67: Apply complete! Resources: 3 added, 0 changed, 0 destroyed.
TestRunExistingResourcesExample 2025-04-28T14:19:29+05:30 logger.go:67: [0m[0m[1m[32m
TestRunExistingResourcesExample 2025-04-28T14:19:29+05:30 logger.go:67: Outputs:
TestRunExistingResourcesExample 2025-04-28T14:19:29+05:30 logger.go:67: 
TestRunExistingResourcesExample 2025-04-28T14:19:29+05:30 logger.go:67: [0maccount_id = "abac0df06b644a9cabc6e44f55b3880e"
TestRunExistingResourcesExample 2025-04-28T14:19:29+05:30 logger.go:67: crn = "crn:v1:bluemix:public:lakehouse:us-south:a/abac0df06b644a9cabc6e44f55b3880e:3983a152-e139-420d-9bce-3f6eb15a889c::"
TestRunExistingResourcesExample 2025-04-28T14:19:29+05:30 logger.go:67: dashboard_url = "https://cloud.ibm.com/services/lakehouse/crn%3Av1%3Abluemix%3Apublic%3Alakehouse%3Aus-south%3Aa%2Fabac0df06b644a9cabc6e44f55b3880e%3A3983a152-e139-420d-9bce-3f6eb15a889c%3A%3A"
TestRunExistingResourcesExample 2025-04-28T14:19:29+05:30 logger.go:67: guid = "3983a152-e139-420d-9bce-3f6eb15a889c"
TestRunExistingResourcesExample 2025-04-28T14:19:29+05:30 logger.go:67: id = "crn:v1:bluemix:public:lakehouse:us-south:a/abac0df06b644a9cabc6e44f55b3880e:3983a152-e139-420d-9bce-3f6eb15a889c::"
TestRunExistingResourcesExample 2025-04-28T14:19:29+05:30 logger.go:67: name = "ex-wxd-prqs47-data-instance"
TestRunExistingResourcesExample 2025-04-28T14:19:29+05:30 logger.go:67: plan_id = "lakehouse-enterprise"
TestRunExistingResourcesExample 2025-04-28T14:19:29+05:30 retry.go:91: terraform [output -no-color -json]
TestRunExistingResourcesExample 2025-04-28T14:19:29+05:30 logger.go:67: Running command terraform with args [output -no-color -json]
TestRunExistingResourcesExample 2025-04-28T14:19:29+05:30 logger.go:67: {
TestRunExistingResourcesExample 2025-04-28T14:19:29+05:30 logger.go:67:   "account_id": {
TestRunExistingResourcesExample 2025-04-28T14:19:29+05:30 logger.go:67:     "sensitive": false,
TestRunExistingResourcesExample 2025-04-28T14:19:29+05:30 logger.go:67:     "type": "string",
TestRunExistingResourcesExample 2025-04-28T14:19:29+05:30 logger.go:67:     "value": "abac0df06b644a9cabc6e44f55b3880e"
TestRunExistingResourcesExample 2025-04-28T14:19:29+05:30 logger.go:67:   },
TestRunExistingResourcesExample 2025-04-28T14:19:29+05:30 logger.go:67:   "crn": {
TestRunExistingResourcesExample 2025-04-28T14:19:29+05:30 logger.go:67:     "sensitive": false,
TestRunExistingResourcesExample 2025-04-28T14:19:29+05:30 logger.go:67:     "type": "string",
TestRunExistingResourcesExample 2025-04-28T14:19:29+05:30 logger.go:67:     "value": "crn:v1:bluemix:public:lakehouse:us-south:a/abac0df06b644a9cabc6e44f55b3880e:3983a152-e139-420d-9bce-3f6eb15a889c::"
TestRunExistingResourcesExample 2025-04-28T14:19:29+05:30 logger.go:67:   },
TestRunExistingResourcesExample 2025-04-28T14:19:29+05:30 logger.go:67:   "dashboard_url": {
TestRunExistingResourcesExample 2025-04-28T14:19:29+05:30 logger.go:67:     "sensitive": false,
TestRunExistingResourcesExample 2025-04-28T14:19:29+05:30 logger.go:67:     "type": "string",
TestRunExistingResourcesExample 2025-04-28T14:19:29+05:30 logger.go:67:     "value": "https://cloud.ibm.com/services/lakehouse/crn%3Av1%3Abluemix%3Apublic%3Alakehouse%3Aus-south%3Aa%2Fabac0df06b644a9cabc6e44f55b3880e%3A3983a152-e139-420d-9bce-3f6eb15a889c%3A%3A"
TestRunExistingResourcesExample 2025-04-28T14:19:29+05:30 logger.go:67:   },
TestRunExistingResourcesExample 2025-04-28T14:19:29+05:30 logger.go:67:   "guid": {
TestRunExistingResourcesExample 2025-04-28T14:19:29+05:30 logger.go:67:     "sensitive": false,
TestRunExistingResourcesExample 2025-04-28T14:19:29+05:30 logger.go:67:     "type": "string",
TestRunExistingResourcesExample 2025-04-28T14:19:29+05:30 logger.go:67:     "value": "3983a152-e139-420d-9bce-3f6eb15a889c"
TestRunExistingResourcesExample 2025-04-28T14:19:29+05:30 logger.go:67:   },
TestRunExistingResourcesExample 2025-04-28T14:19:29+05:30 logger.go:67:   "id": {
TestRunExistingResourcesExample 2025-04-28T14:19:29+05:30 logger.go:67:     "sensitive": false,
TestRunExistingResourcesExample 2025-04-28T14:19:29+05:30 logger.go:67:     "type": "string",
TestRunExistingResourcesExample 2025-04-28T14:19:29+05:30 logger.go:67:     "value": "crn:v1:bluemix:public:lakehouse:us-south:a/abac0df06b644a9cabc6e44f55b3880e:3983a152-e139-420d-9bce-3f6eb15a889c::"
TestRunExistingResourcesExample 2025-04-28T14:19:29+05:30 logger.go:67:   },
TestRunExistingResourcesExample 2025-04-28T14:19:29+05:30 logger.go:67:   "name": {
TestRunExistingResourcesExample 2025-04-28T14:19:29+05:30 logger.go:67:     "sensitive": false,
TestRunExistingResourcesExample 2025-04-28T14:19:29+05:30 logger.go:67:     "type": "string",
TestRunExistingResourcesExample 2025-04-28T14:19:29+05:30 logger.go:67:     "value": "ex-wxd-prqs47-data-instance"
TestRunExistingResourcesExample 2025-04-28T14:19:29+05:30 logger.go:67:   },
TestRunExistingResourcesExample 2025-04-28T14:19:29+05:30 logger.go:67:   "plan_id": {
TestRunExistingResourcesExample 2025-04-28T14:19:29+05:30 logger.go:67:     "sensitive": false,
TestRunExistingResourcesExample 2025-04-28T14:19:29+05:30 logger.go:67:     "type": "string",
TestRunExistingResourcesExample 2025-04-28T14:19:29+05:30 logger.go:67:     "value": "lakehouse-enterprise"
TestRunExistingResourcesExample 2025-04-28T14:19:29+05:30 logger.go:67:   }
TestRunExistingResourcesExample 2025-04-28T14:19:29+05:30 logger.go:67: }
TestRunExistingResourcesExample 2025-04-28T14:19:29+05:30 retry.go:91: terraform [output -no-color -json crn]
TestRunExistingResourcesExample 2025-04-28T14:19:29+05:30 logger.go:67: Running command terraform with args [output -no-color -json crn]
TestRunExistingResourcesExample 2025-04-28T14:19:29+05:30 logger.go:67: "crn:v1:bluemix:public:lakehouse:us-south:a/abac0df06b644a9cabc6e44f55b3880e:3983a152-e139-420d-9bce-3f6eb15a889c::"
2025/04/28 14:19:39 Region au-syd VPC count: 3
2025/04/28 14:19:39 --- new best region is au-syd
2025/04/28 14:19:41 Region ca-tor VPC count: 3
2025/04/28 14:19:44 Region br-sao VPC count: 1
2025/04/28 14:19:44 --- new best region is br-sao
2025/04/28 14:19:46 Region eu-de VPC count: 6
2025/04/28 14:19:49 Region eu-es VPC count: 4
2025/04/28 14:19:52 Region eu-gb VPC count: 2
2025/04/28 14:19:54 Region us-east VPC count: 3
2025/04/28 14:19:56 Region us-south VPC count: 8
2025/04/28 14:19:59 Region jp-osa VPC count: 5
2025/04/28 14:20:02 Region jp-tok VPC count: 3
2025/04/28 14:20:02 Best region was found!: br-sao
TestRunExistingResourcesExample 2025-04-28T14:20:02+05:30 tests.go:75: TEMP CREATED:  /var/folders/7h/xm7wtf_j44j8zpcwyyz23kbc0000gn/T/terraform--0geqsh203726809
TestRunExistingResourcesExample 2025-04-28T14:20:02+05:30 tests.go:582: START: Init / Apply / Consistency Check
TestRunExistingResourcesExample 2025-04-28T14:20:02+05:30 tests.go:661: START: Init / Apply
TestRunExistingResourcesExample 2025-04-28T14:20:02+05:30 retry.go:91: terraform [init -upgrade=true]
TestRunExistingResourcesExample 2025-04-28T14:20:02+05:30 logger.go:67: Running command terraform with args [init -upgrade=true]
TestRunExistingResourcesExample 2025-04-28T14:20:02+05:30 logger.go:67: [0m[1mInitializing the backend...[0m
TestRunExistingResourcesExample 2025-04-28T14:20:02+05:30 logger.go:67: [0m[1mUpgrading modules...[0m
TestRunExistingResourcesExample 2025-04-28T14:20:02+05:30 logger.go:67: - existing_watsonx_data_instance in ../..
TestRunExistingResourcesExample 2025-04-28T14:20:02+05:30 logger.go:67: Downloading registry.terraform.io/terraform-ibm-modules/common-utilities/ibm 1.1.0 for existing_watsonx_data_instance.crn_parser...
TestRunExistingResourcesExample 2025-04-28T14:20:05+05:30 logger.go:67: - existing_watsonx_data_instance.crn_parser in .terraform/modules/existing_watsonx_data_instance.crn_parser/modules/crn-parser
TestRunExistingResourcesExample 2025-04-28T14:20:05+05:30 logger.go:67: Downloading registry.terraform.io/terraform-ibm-modules/common-utilities/ibm 1.1.0 for existing_watsonx_data_instance.kms_key_crn_parser...
TestRunExistingResourcesExample 2025-04-28T14:20:05+05:30 logger.go:67: - existing_watsonx_data_instance.kms_key_crn_parser in .terraform/modules/existing_watsonx_data_instance.kms_key_crn_parser/modules/crn-parser
TestRunExistingResourcesExample 2025-04-28T14:20:05+05:30 logger.go:67: [0m[1mInitializing provider plugins...[0m
TestRunExistingResourcesExample 2025-04-28T14:20:05+05:30 logger.go:67: - Finding ibm-cloud/ibm versions matching ">= 1.70.1, < 2.0.0"...
TestRunExistingResourcesExample 2025-04-28T14:20:05+05:30 logger.go:67: - Finding hashicorp/time versions matching ">= 0.12.1"...
TestRunExistingResourcesExample 2025-04-28T14:20:08+05:30 logger.go:67: - Installing ibm-cloud/ibm v1.77.1...
TestRunExistingResourcesExample 2025-04-28T14:20:25+05:30 logger.go:67: - Installed ibm-cloud/ibm v1.77.1 (self-signed, key ID [0m[1mAAD3B791C49CC253[0m[0m)
TestRunExistingResourcesExample 2025-04-28T14:20:25+05:30 logger.go:67: - Installing hashicorp/time v0.13.0...
TestRunExistingResourcesExample 2025-04-28T14:20:26+05:30 logger.go:67: - Installed hashicorp/time v0.13.0 (signed by HashiCorp)
TestRunExistingResourcesExample 2025-04-28T14:20:26+05:30 logger.go:67: Partner and community providers are signed by their developers.
TestRunExistingResourcesExample 2025-04-28T14:20:26+05:30 logger.go:67: If you'd like to know more about provider signing, you can read about it here:
TestRunExistingResourcesExample 2025-04-28T14:20:26+05:30 logger.go:67: https://www.terraform.io/docs/cli/plugins/signing.html
TestRunExistingResourcesExample 2025-04-28T14:20:26+05:30 logger.go:67: Terraform has created a lock file [1m.terraform.lock.hcl[0m to record the provider
TestRunExistingResourcesExample 2025-04-28T14:20:26+05:30 logger.go:67: selections it made above. Include this file in your version control repository
TestRunExistingResourcesExample 2025-04-28T14:20:26+05:30 logger.go:67: so that Terraform can guarantee to make the same selections by default when
TestRunExistingResourcesExample 2025-04-28T14:20:26+05:30 logger.go:67: you run "terraform init" in the future.[0m
TestRunExistingResourcesExample 2025-04-28T14:20:26+05:30 logger.go:67: 
TestRunExistingResourcesExample 2025-04-28T14:20:26+05:30 logger.go:67: [0m[1m[32mTerraform has been successfully initialized![0m[32m[0m
TestRunExistingResourcesExample 2025-04-28T14:20:26+05:30 logger.go:67: [0m[32m
TestRunExistingResourcesExample 2025-04-28T14:20:26+05:30 logger.go:67: You may now begin working with Terraform. Try running "terraform plan" to see
TestRunExistingResourcesExample 2025-04-28T14:20:26+05:30 logger.go:67: any changes that are required for your infrastructure. All Terraform commands
TestRunExistingResourcesExample 2025-04-28T14:20:26+05:30 logger.go:67: should now work.
TestRunExistingResourcesExample 2025-04-28T14:20:26+05:30 logger.go:67: 
TestRunExistingResourcesExample 2025-04-28T14:20:26+05:30 logger.go:67: If you ever set or change modules or backend configuration for Terraform,
TestRunExistingResourcesExample 2025-04-28T14:20:26+05:30 logger.go:67: rerun this command to reinitialize your working directory. If you forget, other
TestRunExistingResourcesExample 2025-04-28T14:20:26+05:30 logger.go:67: commands will detect it and remind you to do so if necessary.[0m
TestRunExistingResourcesExample 2025-04-28T14:20:26+05:30 retry.go:91: terraform [apply -input=false -auto-approve -var existing_watsonx_data_instance_crn=crn:v1:bluemix:public:lakehouse:us-south:a/abac0df06b644a9cabc6e44f55b3880e:3983a152-e139-420d-9bce-3f6eb15a889c:: -lock=false]
TestRunExistingResourcesExample 2025-04-28T14:20:26+05:30 logger.go:67: Running command terraform with args [apply -input=false -auto-approve -var existing_watsonx_data_instance_crn=crn:v1:bluemix:public:lakehouse:us-south:a/abac0df06b644a9cabc6e44f55b3880e:3983a152-e139-420d-9bce-3f6eb15a889c:: -lock=false]
TestRunExistingResourcesExample 2025-04-28T14:20:30+05:30 logger.go:67: [0m[1mmodule.existing_watsonx_data_instance.data.ibm_resource_instance.existing_data_instance[0]: Reading...[0m[0m
TestRunExistingResourcesExample 2025-04-28T14:20:34+05:30 logger.go:67: [0m[1mmodule.existing_watsonx_data_instance.data.ibm_resource_instance.existing_data_instance[0]: Read complete after 4s [id=crn:v1:bluemix:public:lakehouse:us-south:a/abac0df06b644a9cabc6e44f55b3880e:3983a152-e139-420d-9bce-3f6eb15a889c::][0m
TestRunExistingResourcesExample 2025-04-28T14:20:34+05:30 logger.go:67: 
TestRunExistingResourcesExample 2025-04-28T14:20:34+05:30 logger.go:67: Changes to Outputs:
TestRunExistingResourcesExample 2025-04-28T14:20:34+05:30 logger.go:67:   [32m+[0m[0m account_id    = "abac0df06b644a9cabc6e44f55b3880e"
TestRunExistingResourcesExample 2025-04-28T14:20:34+05:30 logger.go:67:   [32m+[0m[0m crn           = "crn:v1:bluemix:public:lakehouse:us-south:a/abac0df06b644a9cabc6e44f55b3880e:3983a152-e139-420d-9bce-3f6eb15a889c::"
TestRunExistingResourcesExample 2025-04-28T14:20:34+05:30 logger.go:67:   [32m+[0m[0m dashboard_url = "https://cloud.ibm.com/services/lakehouse/crn%3Av1%3Abluemix%3Apublic%3Alakehouse%3Aus-south%3Aa%2Fabac0df06b644a9cabc6e44f55b3880e%3A3983a152-e139-420d-9bce-3f6eb15a889c%3A%3A"
TestRunExistingResourcesExample 2025-04-28T14:20:34+05:30 logger.go:67:   [32m+[0m[0m guid          = "3983a152-e139-420d-9bce-3f6eb15a889c"
TestRunExistingResourcesExample 2025-04-28T14:20:34+05:30 logger.go:67:   [32m+[0m[0m id            = "crn:v1:bluemix:public:lakehouse:us-south:a/abac0df06b644a9cabc6e44f55b3880e:3983a152-e139-420d-9bce-3f6eb15a889c::"
TestRunExistingResourcesExample 2025-04-28T14:20:34+05:30 logger.go:67:   [32m+[0m[0m name          = "ex-wxd-prqs47-data-instance"
TestRunExistingResourcesExample 2025-04-28T14:20:34+05:30 logger.go:67: 
TestRunExistingResourcesExample 2025-04-28T14:20:34+05:30 logger.go:67: You can apply this plan to save these new output values to the Terraform
TestRunExistingResourcesExample 2025-04-28T14:20:34+05:30 logger.go:67: state, without changing any real infrastructure.
TestRunExistingResourcesExample 2025-04-28T14:20:35+05:30 logger.go:67: [0m[1m[32m
TestRunExistingResourcesExample 2025-04-28T14:20:35+05:30 logger.go:67: Apply complete! Resources: 0 added, 0 changed, 0 destroyed.
TestRunExistingResourcesExample 2025-04-28T14:20:35+05:30 logger.go:67: [0m[0m[1m[32m
TestRunExistingResourcesExample 2025-04-28T14:20:35+05:30 logger.go:67: Outputs:
TestRunExistingResourcesExample 2025-04-28T14:20:35+05:30 logger.go:67: 
TestRunExistingResourcesExample 2025-04-28T14:20:35+05:30 logger.go:67: [0maccount_id = "abac0df06b644a9cabc6e44f55b3880e"
TestRunExistingResourcesExample 2025-04-28T14:20:35+05:30 logger.go:67: crn = "crn:v1:bluemix:public:lakehouse:us-south:a/abac0df06b644a9cabc6e44f55b3880e:3983a152-e139-420d-9bce-3f6eb15a889c::"
TestRunExistingResourcesExample 2025-04-28T14:20:35+05:30 logger.go:67: dashboard_url = "https://cloud.ibm.com/services/lakehouse/crn%3Av1%3Abluemix%3Apublic%3Alakehouse%3Aus-south%3Aa%2Fabac0df06b644a9cabc6e44f55b3880e%3A3983a152-e139-420d-9bce-3f6eb15a889c%3A%3A"
TestRunExistingResourcesExample 2025-04-28T14:20:35+05:30 logger.go:67: guid = "3983a152-e139-420d-9bce-3f6eb15a889c"
TestRunExistingResourcesExample 2025-04-28T14:20:35+05:30 logger.go:67: id = "crn:v1:bluemix:public:lakehouse:us-south:a/abac0df06b644a9cabc6e44f55b3880e:3983a152-e139-420d-9bce-3f6eb15a889c::"
TestRunExistingResourcesExample 2025-04-28T14:20:35+05:30 logger.go:67: name = "ex-wxd-prqs47-data-instance"
TestRunExistingResourcesExample 2025-04-28T14:20:35+05:30 tests.go:664: FINISHED: Init / Apply
TestRunExistingResourcesExample 2025-04-28T14:20:35+05:30 retry.go:91: terraform [output -no-color -json]
TestRunExistingResourcesExample 2025-04-28T14:20:35+05:30 tests.go:618: START: Init / Plan / Show w/Struct
TestRunExistingResourcesExample 2025-04-28T14:20:35+05:30 retry.go:91: terraform [init -upgrade=true]
TestRunExistingResourcesExample 2025-04-28T14:20:39+05:30 retry.go:91: terraform [plan -input=false -lock=false -var existing_watsonx_data_instance_crn=crn:v1:bluemix:public:lakehouse:us-south:a/abac0df06b644a9cabc6e44f55b3880e:3983a152-e139-420d-9bce-3f6eb15a889c:: -lock=false -out=/var/folders/7h/xm7wtf_j44j8zpcwyyz23kbc0000gn/T/terraform--0geqsh203726809/examples/existing-instance/terratest-plan-file-3957943957]
TestRunExistingResourcesExample 2025-04-28T14:20:44+05:30 retry.go:91: terraform [show -no-color -json /var/folders/7h/xm7wtf_j44j8zpcwyyz23kbc0000gn/T/terraform--0geqsh203726809/examples/existing-instance/terratest-plan-file-3957943957]
TestRunExistingResourcesExample 2025-04-28T14:20:44+05:30 tests.go:636: FINISHED: Init / Plan / Show w/Struct
TestRunExistingResourcesExample 2025-04-28T14:20:44+05:30 tests.go:599: FINISHED: Init / Apply / Consistency Check
TestRunExistingResourcesExample 2025-04-28T14:20:44+05:30 retry.go:91: terraform [output -no-color -json]
TestRunExistingResourcesExample 2025-04-28T14:20:44+05:30 tests.go:196: START: Destroy
TestRunExistingResourcesExample 2025-04-28T14:20:44+05:30 retry.go:91: terraform [destroy -auto-approve -input=false -var existing_watsonx_data_instance_crn=crn:v1:bluemix:public:lakehouse:us-south:a/abac0df06b644a9cabc6e44f55b3880e:3983a152-e139-420d-9bce-3f6eb15a889c:: -lock=false]
TestRunExistingResourcesExample 2025-04-28T14:20:44+05:30 command.go:121: Running command terraform with args [destroy -auto-approve -input=false -var existing_watsonx_data_instance_crn=crn:v1:bluemix:public:lakehouse:us-south:a/abac0df06b644a9cabc6e44f55b3880e:3983a152-e139-420d-9bce-3f6eb15a889c:: -lock=false]
TestRunExistingResourcesExample 2025-04-28T14:20:46+05:30 command.go:206: [0m[1mmodule.existing_watsonx_data_instance.data.ibm_resource_instance.existing_data_instance[0]: Reading...[0m[0m
TestRunExistingResourcesExample 2025-04-28T14:20:48+05:30 command.go:206: [0m[1mmodule.existing_watsonx_data_instance.data.ibm_resource_instance.existing_data_instance[0]: Read complete after 2s [id=crn:v1:bluemix:public:lakehouse:us-south:a/abac0df06b644a9cabc6e44f55b3880e:3983a152-e139-420d-9bce-3f6eb15a889c::][0m
TestRunExistingResourcesExample 2025-04-28T14:20:50+05:30 command.go:206: 
TestRunExistingResourcesExample 2025-04-28T14:20:50+05:30 command.go:206: Changes to Outputs:
TestRunExistingResourcesExample 2025-04-28T14:20:50+05:30 command.go:206:   [31m-[0m[0m account_id    = "abac0df06b644a9cabc6e44f55b3880e" [90m-> null[0m[0m
TestRunExistingResourcesExample 2025-04-28T14:20:50+05:30 command.go:206:   [31m-[0m[0m crn           = "crn:v1:bluemix:public:lakehouse:us-south:a/abac0df06b644a9cabc6e44f55b3880e:3983a152-e139-420d-9bce-3f6eb15a889c::" [90m-> null[0m[0m
TestRunExistingResourcesExample 2025-04-28T14:20:50+05:30 command.go:206:   [31m-[0m[0m dashboard_url = "https://cloud.ibm.com/services/lakehouse/crn%3Av1%3Abluemix%3Apublic%3Alakehouse%3Aus-south%3Aa%2Fabac0df06b644a9cabc6e44f55b3880e%3A3983a152-e139-420d-9bce-3f6eb15a889c%3A%3A" [90m-> null[0m[0m
TestRunExistingResourcesExample 2025-04-28T14:20:50+05:30 command.go:206:   [31m-[0m[0m guid          = "3983a152-e139-420d-9bce-3f6eb15a889c" [90m-> null[0m[0m
TestRunExistingResourcesExample 2025-04-28T14:20:50+05:30 command.go:206:   [31m-[0m[0m id            = "crn:v1:bluemix:public:lakehouse:us-south:a/abac0df06b644a9cabc6e44f55b3880e:3983a152-e139-420d-9bce-3f6eb15a889c::" [90m-> null[0m[0m
TestRunExistingResourcesExample 2025-04-28T14:20:50+05:30 command.go:206:   [31m-[0m[0m name          = "ex-wxd-prqs47-data-instance" [90m-> null[0m[0m
TestRunExistingResourcesExample 2025-04-28T14:20:50+05:30 command.go:206: 
TestRunExistingResourcesExample 2025-04-28T14:20:50+05:30 command.go:206: You can apply this plan to save these new output values to the Terraform
TestRunExistingResourcesExample 2025-04-28T14:20:50+05:30 command.go:206: state, without changing any real infrastructure.
TestRunExistingResourcesExample 2025-04-28T14:20:50+05:30 command.go:206: [0m[1m[32m
TestRunExistingResourcesExample 2025-04-28T14:20:50+05:30 command.go:206: Destroy complete! Resources: 0 destroyed.
TestRunExistingResourcesExample 2025-04-28T14:20:50+05:30 command.go:206: [0m
TestRunExistingResourcesExample 2025-04-28T14:20:50+05:30 tests.go:261: [0m[1mmodule.existing_watsonx_data_instance.data.ibm_resource_instance.existing_data_instance[0]: Reading...[0m[0m
[0m[1mmodule.existing_watsonx_data_instance.data.ibm_resource_instance.existing_data_instance[0]: Read complete after 2s [id=crn:v1:bluemix:public:lakehouse:us-south:a/abac0df06b644a9cabc6e44f55b3880e:3983a152-e139-420d-9bce-3f6eb15a889c::][0m

Changes to Outputs:
  [31m-[0m[0m account_id    = "abac0df06b644a9cabc6e44f55b3880e" [90m-> null[0m[0m
  [31m-[0m[0m crn           = "crn:v1:bluemix:public:lakehouse:us-south:a/abac0df06b644a9cabc6e44f55b3880e:3983a152-e139-420d-9bce-3f6eb15a889c::" [90m-> null[0m[0m
  [31m-[0m[0m dashboard_url = "https://cloud.ibm.com/services/lakehouse/crn%3Av1%3Abluemix%3Apublic%3Alakehouse%3Aus-south%3Aa%2Fabac0df06b644a9cabc6e44f55b3880e%3A3983a152-e139-420d-9bce-3f6eb15a889c%3A%3A" [90m-> null[0m[0m
  [31m-[0m[0m guid          = "3983a152-e139-420d-9bce-3f6eb15a889c" [90m-> null[0m[0m
  [31m-[0m[0m id            = "crn:v1:bluemix:public:lakehouse:us-south:a/abac0df06b644a9cabc6e44f55b3880e:3983a152-e139-420d-9bce-3f6eb15a889c::" [90m-> null[0m[0m
  [31m-[0m[0m name          = "ex-wxd-prqs47-data-instance" [90m-> null[0m[0m

You can apply this plan to save these new output values to the Terraform
state, without changing any real infrastructure.
[0m[1m[32m
Destroy complete! Resources: 0 destroyed.
[0m
TestRunExistingResourcesExample 2025-04-28T14:20:50+05:30 tests.go:266: END: Destroy
TestRunExistingResourcesExample 2025-04-28T14:20:50+05:30 pr_test.go:110: START: Destroy (existing resources)
TestRunExistingResourcesExample 2025-04-28T14:20:50+05:30 retry.go:91: terraform [destroy -auto-approve -input=false -var prefix=ex-wxd-prqs47 -var region=us-south -var resource_tags=[] -var access_tags=["geretain-dev:permanent-test-tag-1", "geretain-dev-1:permanent-test-tag-4"] -lock=false]
TestRunExistingResourcesExample 2025-04-28T14:20:50+05:30 logger.go:67: Running command terraform with args [destroy -auto-approve -input=false -var prefix=ex-wxd-prqs47 -var region=us-south -var resource_tags=[] -var access_tags=["geretain-dev:permanent-test-tag-1", "geretain-dev-1:permanent-test-tag-4"] -lock=false]
TestRunExistingResourcesExample 2025-04-28T14:20:52+05:30 logger.go:67: [0m[1mmodule.resource_group.ibm_resource_group.resource_group[0]: Refreshing state... [id=c69ac91f86a6402b8e18fdf90d64c08a][0m
TestRunExistingResourcesExample 2025-04-28T14:20:53+05:30 logger.go:67: [0m[1mmodule.watsonx_data.ibm_resource_instance.data_instance[0]: Refreshing state... [id=crn:v1:bluemix:public:lakehouse:us-south:a/abac0df06b644a9cabc6e44f55b3880e:3983a152-e139-420d-9bce-3f6eb15a889c::][0m
TestRunExistingResourcesExample 2025-04-28T14:20:54+05:30 logger.go:67: [0m[1mmodule.watsonx_data.ibm_resource_tag.watsonx_data_tag[0]: Refreshing state... [id=crn:v1:bluemix:public:lakehouse:us-south:a/abac0df06b644a9cabc6e44f55b3880e:3983a152-e139-420d-9bce-3f6eb15a889c::][0m
TestRunExistingResourcesExample 2025-04-28T14:20:56+05:30 logger.go:67: 
TestRunExistingResourcesExample 2025-04-28T14:20:56+05:30 logger.go:67: Terraform used the selected providers to generate the following execution
TestRunExistingResourcesExample 2025-04-28T14:20:56+05:30 logger.go:67: plan. Resource actions are indicated with the following symbols:
TestRunExistingResourcesExample 2025-04-28T14:20:56+05:30 logger.go:67:   [31m-[0m destroy[0m
TestRunExistingResourcesExample 2025-04-28T14:20:56+05:30 logger.go:67: 
TestRunExistingResourcesExample 2025-04-28T14:20:56+05:30 logger.go:67: Terraform will perform the following actions:
TestRunExistingResourcesExample 2025-04-28T14:20:56+05:30 logger.go:67: 
TestRunExistingResourcesExample 2025-04-28T14:20:56+05:30 logger.go:67: [1m  # module.resource_group.ibm_resource_group.resource_group[0][0m will be [1m[31mdestroyed[0m
TestRunExistingResourcesExample 2025-04-28T14:20:56+05:30 logger.go:67: [0m  [31m-[0m[0m resource "ibm_resource_group" "resource_group" {
TestRunExistingResourcesExample 2025-04-28T14:20:56+05:30 logger.go:67:       [31m-[0m[0m created_at        = "2025-04-28T08:47:12.397Z" [90m-> null[0m[0m
TestRunExistingResourcesExample 2025-04-28T14:20:56+05:30 logger.go:67:       [31m-[0m[0m crn               = "crn:v1:bluemix:public:resource-controller::a/abac0df06b644a9cabc6e44f55b3880e::resource-group:c69ac91f86a6402b8e18fdf90d64c08a" [90m-> null[0m[0m
TestRunExistingResourcesExample 2025-04-28T14:20:56+05:30 logger.go:67:       [31m-[0m[0m default           = false [90m-> null[0m[0m
TestRunExistingResourcesExample 2025-04-28T14:20:56+05:30 logger.go:67:       [31m-[0m[0m id                = "c69ac91f86a6402b8e18fdf90d64c08a" [90m-> null[0m[0m
TestRunExistingResourcesExample 2025-04-28T14:20:56+05:30 logger.go:67:       [31m-[0m[0m name              = "ex-wxd-prqs47-resource-group" [90m-> null[0m[0m
TestRunExistingResourcesExample 2025-04-28T14:20:56+05:30 logger.go:67:       [31m-[0m[0m quota_id          = "a3d7b8d01e261c24677937c29ab33f3c" [90m-> null[0m[0m
TestRunExistingResourcesExample 2025-04-28T14:20:56+05:30 logger.go:67:       [31m-[0m[0m quota_url         = "/v2/quota_definitions/a3d7b8d01e261c24677937c29ab33f3c" [90m-> null[0m[0m
TestRunExistingResourcesExample 2025-04-28T14:20:56+05:30 logger.go:67:       [31m-[0m[0m resource_linkages = [] [90m-> null[0m[0m
TestRunExistingResourcesExample 2025-04-28T14:20:56+05:30 logger.go:67:       [31m-[0m[0m state             = "ACTIVE" [90m-> null[0m[0m
TestRunExistingResourcesExample 2025-04-28T14:20:56+05:30 logger.go:67:       [31m-[0m[0m updated_at        = "2025-04-28T08:47:12.397Z" [90m-> null[0m[0m
TestRunExistingResourcesExample 2025-04-28T14:20:56+05:30 logger.go:67:     }
TestRunExistingResourcesExample 2025-04-28T14:20:56+05:30 logger.go:67: 
TestRunExistingResourcesExample 2025-04-28T14:20:56+05:30 logger.go:67: [1m  # module.watsonx_data.ibm_resource_instance.data_instance[0][0m will be [1m[31mdestroyed[0m
TestRunExistingResourcesExample 2025-04-28T14:20:56+05:30 logger.go:67: [0m  [31m-[0m[0m resource "ibm_resource_instance" "data_instance" {
TestRunExistingResourcesExample 2025-04-28T14:20:56+05:30 logger.go:67:       [31m-[0m[0m account_id              = "abac0df06b644a9cabc6e44f55b3880e" [90m-> null[0m[0m
TestRunExistingResourcesExample 2025-04-28T14:20:56+05:30 logger.go:67:       [31m-[0m[0m allow_cleanup           = false [90m-> null[0m[0m
TestRunExistingResourcesExample 2025-04-28T14:20:56+05:30 logger.go:67:       [31m-[0m[0m created_at              = "2025-04-28T08:47:17.820Z" [90m-> null[0m[0m
TestRunExistingResourcesExample 2025-04-28T14:20:56+05:30 logger.go:67:       [31m-[0m[0m created_by              = "IBMid-695000L3KW" [90m-> null[0m[0m
TestRunExistingResourcesExample 2025-04-28T14:20:56+05:30 logger.go:67:       [31m-[0m[0m crn                     = "crn:v1:bluemix:public:lakehouse:us-south:a/abac0df06b644a9cabc6e44f55b3880e:3983a152-e139-420d-9bce-3f6eb15a889c::" [90m-> null[0m[0m
TestRunExistingResourcesExample 2025-04-28T14:20:56+05:30 logger.go:67:       [31m-[0m[0m dashboard_url           = "/watsonxdata/details?console_url=https%3A%2F%2Fus-south.lakehouse.cloud.ibm.com&data_center=ibm%3Aus-south%3Adal&license=included&platform=ibm" [90m-> null[0m[0m
TestRunExistingResourcesExample 2025-04-28T14:20:56+05:30 logger.go:67:       [31m-[0m[0m extensions              = {} [90m-> null[0m[0m
TestRunExistingResourcesExample 2025-04-28T14:20:56+05:30 logger.go:67:       [31m-[0m[0m guid                    = "3983a152-e139-420d-9bce-3f6eb15a889c" [90m-> null[0m[0m
TestRunExistingResourcesExample 2025-04-28T14:20:56+05:30 logger.go:67:       [31m-[0m[0m id                      = "crn:v1:bluemix:public:lakehouse:us-south:a/abac0df06b644a9cabc6e44f55b3880e:3983a152-e139-420d-9bce-3f6eb15a889c::" [90m-> null[0m[0m
TestRunExistingResourcesExample 2025-04-28T14:20:56+05:30 logger.go:67:       [31m-[0m[0m last_operation          = {
TestRunExistingResourcesExample 2025-04-28T14:20:56+05:30 logger.go:67:           [31m-[0m[0m "async"       = "true"
TestRunExistingResourcesExample 2025-04-28T14:20:56+05:30 logger.go:67:           [31m-[0m[0m "cancelable"  = "false"
TestRunExistingResourcesExample 2025-04-28T14:20:56+05:30 logger.go:67:           [31m-[0m[0m "description" = "Provisioning lakehouse with version 1 (100%)"
TestRunExistingResourcesExample 2025-04-28T14:20:56+05:30 logger.go:67:           [31m-[0m[0m "poll"        = "true"
TestRunExistingResourcesExample 2025-04-28T14:20:56+05:30 logger.go:67:           [31m-[0m[0m "poll_after"  = "30"
TestRunExistingResourcesExample 2025-04-28T14:20:56+05:30 logger.go:67:           [31m-[0m[0m "state"       = "succeeded"
TestRunExistingResourcesExample 2025-04-28T14:20:56+05:30 logger.go:67:           [31m-[0m[0m "type"        = "create"
TestRunExistingResourcesExample 2025-04-28T14:20:56+05:30 logger.go:67:         } [90m-> null[0m[0m
TestRunExistingResourcesExample 2025-04-28T14:20:56+05:30 logger.go:67:       [31m-[0m[0m location                = "us-south" [90m-> null[0m[0m
TestRunExistingResourcesExample 2025-04-28T14:20:56+05:30 logger.go:67:       [31m-[0m[0m locked                  = false [90m-> null[0m[0m
TestRunExistingResourcesExample 2025-04-28T14:20:56+05:30 logger.go:67:       [31m-[0m[0m name                    = "ex-wxd-prqs47-data-instance" [90m-> null[0m[0m
TestRunExistingResourcesExample 2025-04-28T14:20:56+05:30 logger.go:67:       [31m-[0m[0m onetime_credentials     = false [90m-> null[0m[0m
TestRunExistingResourcesExample 2025-04-28T14:20:56+05:30 logger.go:67:       [31m-[0m[0m parameters              = {
TestRunExistingResourcesExample 2025-04-28T14:20:56+05:30 logger.go:67:           [31m-[0m[0m "cloud_type" = "ibm"
TestRunExistingResourcesExample 2025-04-28T14:20:56+05:30 logger.go:67:           [31m-[0m[0m "datacenter" = "ibm:us-south:dal"
TestRunExistingResourcesExample 2025-04-28T14:20:56+05:30 logger.go:67:           [31m-[0m[0m "region"     = "us-south"
TestRunExistingResourcesExample 2025-04-28T14:20:56+05:30 logger.go:67:           [31m-[0m[0m "use_case"   = "workloads"
TestRunExistingResourcesExample 2025-04-28T14:20:56+05:30 logger.go:67:         } [90m-> null[0m[0m
TestRunExistingResourcesExample 2025-04-28T14:20:56+05:30 logger.go:67:       [31m-[0m[0m plan                    = "lakehouse-enterprise" [90m-> null[0m[0m
TestRunExistingResourcesExample 2025-04-28T14:20:56+05:30 logger.go:67:       [31m-[0m[0m plan_history            = [
TestRunExistingResourcesExample 2025-04-28T14:20:56+05:30 logger.go:67:           [31m-[0m[0m {
TestRunExistingResourcesExample 2025-04-28T14:20:56+05:30 logger.go:67:               [31m-[0m[0m resource_plan_id = "lakehouse-enterprise"
TestRunExistingResourcesExample 2025-04-28T14:20:56+05:30 logger.go:67:               [31m-[0m[0m start_date       = "2025-04-28T08:47:17.820Z"
TestRunExistingResourcesExample 2025-04-28T14:20:56+05:30 logger.go:67:             },
TestRunExistingResourcesExample 2025-04-28T14:20:56+05:30 logger.go:67:         ] [90m-> null[0m[0m
TestRunExistingResourcesExample 2025-04-28T14:20:56+05:30 logger.go:67:       [31m-[0m[0m resource_aliases_url    = "/v2/resource_instances/3983a152-e139-420d-9bce-3f6eb15a889c/resource_aliases" [90m-> null[0m[0m
TestRunExistingResourcesExample 2025-04-28T14:20:56+05:30 logger.go:67:       [31m-[0m[0m resource_bindings_url   = "/v2/resource_instances/3983a152-e139-420d-9bce-3f6eb15a889c/resource_bindings" [90m-> null[0m[0m
TestRunExistingResourcesExample 2025-04-28T14:20:56+05:30 logger.go:67:       [31m-[0m[0m resource_controller_url = "https://cloud.ibm.com/services/" [90m-> null[0m[0m
TestRunExistingResourcesExample 2025-04-28T14:20:56+05:30 logger.go:67:       [31m-[0m[0m resource_crn            = "crn:v1:bluemix:public:lakehouse:us-south:a/abac0df06b644a9cabc6e44f55b3880e:3983a152-e139-420d-9bce-3f6eb15a889c::" [90m-> null[0m[0m
TestRunExistingResourcesExample 2025-04-28T14:20:56+05:30 logger.go:67:       [31m-[0m[0m resource_group_crn      = "crn:v1:bluemix:public:resource-controller::a/abac0df06b644a9cabc6e44f55b3880e::resource-group:c69ac91f86a6402b8e18fdf90d64c08a" [90m-> null[0m[0m
TestRunExistingResourcesExample 2025-04-28T14:20:56+05:30 logger.go:67:       [31m-[0m[0m resource_group_id       = "c69ac91f86a6402b8e18fdf90d64c08a" [90m-> null[0m[0m
TestRunExistingResourcesExample 2025-04-28T14:20:56+05:30 logger.go:67:       [31m-[0m[0m resource_group_name     = "crn:v1:bluemix:public:resource-controller::a/abac0df06b644a9cabc6e44f55b3880e::resource-group:c69ac91f86a6402b8e18fdf90d64c08a" [90m-> null[0m[0m
TestRunExistingResourcesExample 2025-04-28T14:20:56+05:30 logger.go:67:       [31m-[0m[0m resource_id             = "43834340-4a6d-11ed-97d2-959039ad2a2e" [90m-> null[0m[0m
TestRunExistingResourcesExample 2025-04-28T14:20:56+05:30 logger.go:67:       [31m-[0m[0m resource_keys_url       = "/v2/resource_instances/3983a152-e139-420d-9bce-3f6eb15a889c/resource_keys" [90m-> null[0m[0m
TestRunExistingResourcesExample 2025-04-28T14:20:56+05:30 logger.go:67:       [31m-[0m[0m resource_name           = "ex-wxd-prqs47-data-instance" [90m-> null[0m[0m
TestRunExistingResourcesExample 2025-04-28T14:20:56+05:30 logger.go:67:       [31m-[0m[0m resource_plan_id        = "lakehouse-enterprise" [90m-> null[0m[0m
TestRunExistingResourcesExample 2025-04-28T14:20:56+05:30 logger.go:67:       [31m-[0m[0m resource_status         = "active" [90m-> null[0m[0m
TestRunExistingResourcesExample 2025-04-28T14:20:56+05:30 logger.go:67:       [31m-[0m[0m service                 = "lakehouse" [90m-> null[0m[0m
TestRunExistingResourcesExample 2025-04-28T14:20:56+05:30 logger.go:67:       [31m-[0m[0m state                   = "active" [90m-> null[0m[0m
TestRunExistingResourcesExample 2025-04-28T14:20:56+05:30 logger.go:67:       [31m-[0m[0m status                  = "active" [90m-> null[0m[0m
TestRunExistingResourcesExample 2025-04-28T14:20:56+05:30 logger.go:67:       [31m-[0m[0m tags                    = [] [90m-> null[0m[0m
TestRunExistingResourcesExample 2025-04-28T14:20:56+05:30 logger.go:67:       [31m-[0m[0m target_crn              = "crn:v1:bluemix:public:globalcatalog::::deployment:lakehouse-enterprise%3Aus-south60248" [90m-> null[0m[0m
TestRunExistingResourcesExample 2025-04-28T14:20:56+05:30 logger.go:67:       [31m-[0m[0m type                    = "service_instance" [90m-> null[0m[0m
TestRunExistingResourcesExample 2025-04-28T14:20:56+05:30 logger.go:67:       [31m-[0m[0m update_at               = "2025-04-28T08:48:46.822Z" [90m-> null[0m[0m
TestRunExistingResourcesExample 2025-04-28T14:20:56+05:30 logger.go:67:         [90m# (5 unchanged attributes hidden)[0m[0m
TestRunExistingResourcesExample 2025-04-28T14:20:56+05:30 logger.go:67: 
TestRunExistingResourcesExample 2025-04-28T14:20:56+05:30 logger.go:67:       [31m-[0m[0m timeouts {
TestRunExistingResourcesExample 2025-04-28T14:20:56+05:30 logger.go:67:           [31m-[0m[0m create = "15m" [90m-> null[0m[0m
TestRunExistingResourcesExample 2025-04-28T14:20:56+05:30 logger.go:67:           [31m-[0m[0m delete = "15m" [90m-> null[0m[0m
TestRunExistingResourcesExample 2025-04-28T14:20:56+05:30 logger.go:67:           [31m-[0m[0m update = "15m" [90m-> null[0m[0m
TestRunExistingResourcesExample 2025-04-28T14:20:56+05:30 logger.go:67:         }
TestRunExistingResourcesExample 2025-04-28T14:20:56+05:30 logger.go:67:     }
TestRunExistingResourcesExample 2025-04-28T14:20:56+05:30 logger.go:67: 
TestRunExistingResourcesExample 2025-04-28T14:20:56+05:30 logger.go:67: [1m  # module.watsonx_data.ibm_resource_tag.watsonx_data_tag[0][0m will be [1m[31mdestroyed[0m
TestRunExistingResourcesExample 2025-04-28T14:20:56+05:30 logger.go:67: [0m  [31m-[0m[0m resource "ibm_resource_tag" "watsonx_data_tag" {
TestRunExistingResourcesExample 2025-04-28T14:20:56+05:30 logger.go:67:       [31m-[0m[0m id            = "crn:v1:bluemix:public:lakehouse:us-south:a/abac0df06b644a9cabc6e44f55b3880e:3983a152-e139-420d-9bce-3f6eb15a889c::" [90m-> null[0m[0m
TestRunExistingResourcesExample 2025-04-28T14:20:56+05:30 logger.go:67:       [31m-[0m[0m replace       = false [90m-> null[0m[0m
TestRunExistingResourcesExample 2025-04-28T14:20:56+05:30 logger.go:67:       [31m-[0m[0m resource_id   = "crn:v1:bluemix:public:lakehouse:us-south:a/abac0df06b644a9cabc6e44f55b3880e:3983a152-e139-420d-9bce-3f6eb15a889c::" [90m-> null[0m[0m
TestRunExistingResourcesExample 2025-04-28T14:20:56+05:30 logger.go:67:       [31m-[0m[0m tag_type      = "access" [90m-> null[0m[0m
TestRunExistingResourcesExample 2025-04-28T14:20:56+05:30 logger.go:67:       [31m-[0m[0m tags          = [
TestRunExistingResourcesExample 2025-04-28T14:20:56+05:30 logger.go:67:           [31m-[0m[0m "geretain-dev-1:permanent-test-tag-4",
TestRunExistingResourcesExample 2025-04-28T14:20:56+05:30 logger.go:67:           [31m-[0m[0m "geretain-dev:permanent-test-tag-1",
TestRunExistingResourcesExample 2025-04-28T14:20:56+05:30 logger.go:67:         ] [90m-> null[0m[0m
TestRunExistingResourcesExample 2025-04-28T14:20:56+05:30 logger.go:67:         [90m# (1 unchanged attribute hidden)[0m[0m
TestRunExistingResourcesExample 2025-04-28T14:20:56+05:30 logger.go:67:     }
TestRunExistingResourcesExample 2025-04-28T14:20:56+05:30 logger.go:67: 
TestRunExistingResourcesExample 2025-04-28T14:20:56+05:30 logger.go:67: [1mPlan:[0m 0 to add, 0 to change, 3 to destroy.
TestRunExistingResourcesExample 2025-04-28T14:20:56+05:30 logger.go:67: [0m
TestRunExistingResourcesExample 2025-04-28T14:20:56+05:30 logger.go:67: Changes to Outputs:
TestRunExistingResourcesExample 2025-04-28T14:20:56+05:30 logger.go:67:   [31m-[0m[0m account_id    = "abac0df06b644a9cabc6e44f55b3880e" [90m-> null[0m[0m
TestRunExistingResourcesExample 2025-04-28T14:20:56+05:30 logger.go:67:   [31m-[0m[0m crn           = "crn:v1:bluemix:public:lakehouse:us-south:a/abac0df06b644a9cabc6e44f55b3880e:3983a152-e139-420d-9bce-3f6eb15a889c::" [90m-> null[0m[0m
TestRunExistingResourcesExample 2025-04-28T14:20:56+05:30 logger.go:67:   [31m-[0m[0m dashboard_url = "https://cloud.ibm.com/services/lakehouse/crn%3Av1%3Abluemix%3Apublic%3Alakehouse%3Aus-south%3Aa%2Fabac0df06b644a9cabc6e44f55b3880e%3A3983a152-e139-420d-9bce-3f6eb15a889c%3A%3A" [90m-> null[0m[0m
TestRunExistingResourcesExample 2025-04-28T14:20:56+05:30 logger.go:67:   [31m-[0m[0m guid          = "3983a152-e139-420d-9bce-3f6eb15a889c" [90m-> null[0m[0m
TestRunExistingResourcesExample 2025-04-28T14:20:56+05:30 logger.go:67:   [31m-[0m[0m id            = "crn:v1:bluemix:public:lakehouse:us-south:a/abac0df06b644a9cabc6e44f55b3880e:3983a152-e139-420d-9bce-3f6eb15a889c::" [90m-> null[0m[0m
TestRunExistingResourcesExample 2025-04-28T14:20:56+05:30 logger.go:67:   [31m-[0m[0m name          = "ex-wxd-prqs47-data-instance" [90m-> null[0m[0m
TestRunExistingResourcesExample 2025-04-28T14:20:56+05:30 logger.go:67:   [31m-[0m[0m plan_id       = "lakehouse-enterprise" [90m-> null[0m[0m
TestRunExistingResourcesExample 2025-04-28T14:20:58+05:30 logger.go:67: [0m[1mmodule.watsonx_data.ibm_resource_tag.watsonx_data_tag[0]: Destroying... [id=crn:v1:bluemix:public:lakehouse:us-south:a/abac0df06b644a9cabc6e44f55b3880e:3983a152-e139-420d-9bce-3f6eb15a889c::][0m[0m
TestRunExistingResourcesExample 2025-04-28T14:20:59+05:30 logger.go:67: [0m[1mmodule.watsonx_data.ibm_resource_tag.watsonx_data_tag[0]: Destruction complete after 2s[0m
TestRunExistingResourcesExample 2025-04-28T14:20:59+05:30 logger.go:67: [0m[1mmodule.watsonx_data.ibm_resource_instance.data_instance[0]: Destroying... [id=crn:v1:bluemix:public:lakehouse:us-south:a/abac0df06b644a9cabc6e44f55b3880e:3983a152-e139-420d-9bce-3f6eb15a889c::][0m[0m
TestRunExistingResourcesExample 2025-04-28T14:21:09+05:30 logger.go:67: [0m[1mmodule.watsonx_data.ibm_resource_instance.data_instance[0]: Still destroying... [id=crn:v1:bluemix:public:lakehouse:us-sout...3983a152-e139-420d-9bce-3f6eb15a889c::, 10s elapsed][0m[0m
TestRunExistingResourcesExample 2025-04-28T14:21:15+05:30 logger.go:67: [0m[1mmodule.watsonx_data.ibm_resource_instance.data_instance[0]: Destruction complete after 16s[0m
TestRunExistingResourcesExample 2025-04-28T14:21:15+05:30 logger.go:67: [0m[1mmodule.resource_group.ibm_resource_group.resource_group[0]: Destroying... [id=c69ac91f86a6402b8e18fdf90d64c08a][0m[0m
TestRunExistingResourcesExample 2025-04-28T14:21:17+05:30 logger.go:67: [0m[1mmodule.resource_group.ibm_resource_group.resource_group[0]: Destruction complete after 2s[0m
TestRunExistingResourcesExample 2025-04-28T14:21:17+05:30 logger.go:67: [0m[1m[32m
TestRunExistingResourcesExample 2025-04-28T14:21:17+05:30 logger.go:67: Destroy complete! Resources: 3 destroyed.
TestRunExistingResourcesExample 2025-04-28T14:21:17+05:30 logger.go:67: [0m
TestRunExistingResourcesExample 2025-04-28T14:21:17+05:30 pr_test.go:115: END: Destroy (existing resources)
--- PASS: TestRunExistingResourcesExample (273.63s)
PASS
ok  	github.com/terraform-ibm-modules/terraform-ibm-watsonx-data	274.781s
